
Microsoft Visual Studio Solution File, Format Version 11.00
# Visual Studio 2010
Project("{FAE04EC0-301F-11D3-BF4B-00C04F79EFBC}") = "Assembly-CSharp", "Assembly-CSharp.csproj", "{0493FA44-9CC8-6CCB-8B81-DEBD7B16B075}"
EndProject
Project("{FAE04EC0-301F-11D3-BF4B-00C04F79EFBC}") = "Assembly-CSharp-Editor", "Assembly-CSharp-Editor.csproj", "{29E967D3-CE14-0DDA-387A-4AA030BF0077}"
EndProject
Global
	GlobalSection(SolutionConfigurationPlatforms) = preSolution
		Debug|Any CPU = Debug|Any CPU
		Release|Any CPU = Release|Any CPU
	EndGlobalSection
	GlobalSection(ProjectConfigurationPlatforms) = postSolution
		{0493FA44-9CC8-6CCB-8B81-DEBD7B16B075}.Debug|Any CPU.ActiveCfg = Debug|Any CPU
		{0493FA44-9CC8-6CCB-8B81-DEBD7B16B075}.Debug|Any CPU.Build.0 = Debug|Any CPU
		{0493FA44-9CC8-6CCB-8B81-DEBD7B16B075}.Release|Any CPU.ActiveCfg = Release|Any CPU
		{0493FA44-9CC8-6CCB-8B81-DEBD7B16B075}.Release|Any CPU.Build.0 = Release|Any CPU
		{29E967D3-CE14-0DDA-387A-4AA030BF0077}.Debug|Any CPU.ActiveCfg = Debug|Any CPU
		{29E967D3-CE14-0DDA-387A-4AA030BF0077}.Debug|Any CPU.Build.0 = Debug|Any CPU
		{29E967D3-CE14-0DDA-387A-4AA030BF0077}.Release|Any CPU.ActiveCfg = Release|Any CPU
		{29E967D3-CE14-0DDA-387A-4AA030BF0077}.Release|Any CPU.Build.0 = Release|Any CPU
	EndGlobalSection
	GlobalSection(SolutionProperties) = preSolution
		HideSolutionNode = FALSE
	EndGlobalSection
EndGlobal
